
Microsoft Visual Studio Solution File, Format Version 12.00
# Visual Studio Version 17
VisualStudioVersion = 17.14.36623.8 d17.14
MinimumVisualStudioVersion = 10.0.40219.1
Project("{FAE04EC0-301F-11D3-BF4B-00C04F79EFBC}") = "Biblioteca", "Biblioteca\Biblioteca.csproj", "{544C3EA3-9AFD-4042-9430-74C9BD8C45AB}"
EndProject
Global
	GlobalSection(SolutionConfigurationPlatforms) = preSolution
		Debug|Any CPU = Debug|Any CPU
		Release|Any CPU = Release|Any CPU
	EndGlobalSection
	GlobalSection(ProjectConfigurationPlatforms) = postSolution
		{544C3EA3-9AFD-4042-9430-74C9BD8C45AB}.Debug|Any CPU.ActiveCfg = Debug|Any CPU
		{544C3EA3-9AFD-4042-9430-74C9BD8C45AB}.Debug|Any CPU.Build.0 = Debug|Any CPU
		{544C3EA3-9AFD-4042-9430-74C9BD8C45AB}.Release|Any CPU.ActiveCfg = Release|Any CPU
		{544C3EA3-9AFD-4042-9430-74C9BD8C45AB}.Release|Any CPU.Build.0 = Release|Any CPU
	EndGlobalSection
	GlobalSection(SolutionProperties) = preSolution
		HideSolutionNode = FALSE
	EndGlobalSection
	GlobalSection(ExtensibilityGlobals) = postSolution
		SolutionGuid = {3487CA84-0288-4376-A1CB-CD0178548D09}
	EndGlobalSection
EndGlobal
